
Microsoft Visual Studio Solution File, Format Version 12.00
# Visual Studio Version 17
VisualStudioVersion = 17.6.33723.286
MinimumVisualStudioVersion = 10.0.40219.1
Project("{FAE04EC0-301F-11D3-BF4B-00C04F79EFBC}") = "AdventOfCode2023", "AdventOfCode2023\AdventOfCode2023.csproj", "{AB950417-D282-4B0A-9988-7089CCE3FBE7}"
EndProject
Global
	GlobalSection(SolutionConfigurationPlatforms) = preSolution
		Debug|Any CPU = Debug|Any CPU
		Release|Any CPU = Release|Any CPU
	EndGlobalSection
	GlobalSection(ProjectConfigurationPlatforms) = postSolution
		{AB950417-D282-4B0A-9988-7089CCE3FBE7}.Debug|Any CPU.ActiveCfg = Debug|Any CPU
		{AB950417-D282-4B0A-9988-7089CCE3FBE7}.Debug|Any CPU.Build.0 = Debug|Any CPU
		{AB950417-D282-4B0A-9988-7089CCE3FBE7}.Release|Any CPU.ActiveCfg = Release|Any CPU
		{AB950417-D282-4B0A-9988-7089CCE3FBE7}.Release|Any CPU.Build.0 = Release|Any CPU
	EndGlobalSection
	GlobalSection(SolutionProperties) = preSolution
		HideSolutionNode = FALSE
	EndGlobalSection
	GlobalSection(ExtensibilityGlobals) = postSolution
		SolutionGuid = {EE6EA145-0729-46EA-BA1A-828E62889EB2}
	EndGlobalSection
EndGlobal
